
Microsoft Visual Studio Solution File, Format Version 12.00
# Visual Studio 2012
Project("{FAE04EC0-301F-11D3-BF4B-00C04F79EFBC}") = "ConsoleApplication12", "ConsoleApplication12\ConsoleApplication12.csproj", "{828CF494-E317-4D99-B4F9-2BDB84A43FDC}"
EndProject
Global
	GlobalSection(SolutionConfigurationPlatforms) = preSolution
		Debug|Any CPU = Debug|Any CPU
		Release|Any CPU = Release|Any CPU
	EndGlobalSection
	GlobalSection(ProjectConfigurationPlatforms) = postSolution
		{828CF494-E317-4D99-B4F9-2BDB84A43FDC}.Debug|Any CPU.ActiveCfg = Debug|Any CPU
		{828CF494-E317-4D99-B4F9-2BDB84A43FDC}.Debug|Any CPU.Build.0 = Debug|Any CPU
		{828CF494-E317-4D99-B4F9-2BDB84A43FDC}.Release|Any CPU.ActiveCfg = Release|Any CPU
		{828CF494-E317-4D99-B4F9-2BDB84A43FDC}.Release|Any CPU.Build.0 = Release|Any CPU
	EndGlobalSection
	GlobalSection(SolutionProperties) = preSolution
		HideSolutionNode = FALSE
	EndGlobalSection
EndGlobal
